
Microsoft Visual Studio Solution File, Format Version 12.00
# Visual Studio 15
VisualStudioVersion = 15.0.27703.2035
MinimumVisualStudioVersion = 10.0.40219.1
Project("{FAE04EC0-301F-11D3-BF4B-00C04F79EFBC}") = "Twilight2", "Twilight2\Twilight2.csproj", "{BCFD6D59-2AA7-4B2E-AEC7-102F12732B48}"
EndProject
Project("{FAE04EC0-301F-11D3-BF4B-00C04F79EFBC}") = "ClassLibrary2", "ClassLibrary2\ClassLibrary2.csproj", "{9153764C-AA3C-43E2-8948-E9BAAB957AD2}"
EndProject
Global
	GlobalSection(SolutionConfigurationPlatforms) = preSolution
		Debug|Any CPU = Debug|Any CPU
		Release|Any CPU = Release|Any CPU
	EndGlobalSection
	GlobalSection(ProjectConfigurationPlatforms) = postSolution
		{BCFD6D59-2AA7-4B2E-AEC7-102F12732B48}.Debug|Any CPU.ActiveCfg = Debug|Any CPU
		{BCFD6D59-2AA7-4B2E-AEC7-102F12732B48}.Debug|Any CPU.Build.0 = Debug|Any CPU
		{BCFD6D59-2AA7-4B2E-AEC7-102F12732B48}.Release|Any CPU.ActiveCfg = Release|Any CPU
		{BCFD6D59-2AA7-4B2E-AEC7-102F12732B48}.Release|Any CPU.Build.0 = Release|Any CPU
		{9153764C-AA3C-43E2-8948-E9BAAB957AD2}.Debug|Any CPU.ActiveCfg = Debug|Any CPU
		{9153764C-AA3C-43E2-8948-E9BAAB957AD2}.Debug|Any CPU.Build.0 = Debug|Any CPU
		{9153764C-AA3C-43E2-8948-E9BAAB957AD2}.Release|Any CPU.ActiveCfg = Release|Any CPU
		{9153764C-AA3C-43E2-8948-E9BAAB957AD2}.Release|Any CPU.Build.0 = Release|Any CPU
	EndGlobalSection
	GlobalSection(SolutionProperties) = preSolution
		HideSolutionNode = FALSE
	EndGlobalSection
	GlobalSection(ExtensibilityGlobals) = postSolution
		SolutionGuid = {E68A0E89-72F8-4D4C-B98D-1354B2E12871}
	EndGlobalSection
EndGlobal
